
Microsoft Visual Studio Solution File, Format Version 12.00
# Visual Studio Version 16
VisualStudioVersion = 16.0.29806.167
MinimumVisualStudioVersion = 10.0.40219.1
Project("{FAE04EC0-301F-11D3-BF4B-00C04F79EFBC}") = "FIA_Sys", "FIA_Sys.csproj", "{305034B6-F4F2-4227-8881-0757732C762F}"
EndProject
Global
	GlobalSection(SolutionConfigurationPlatforms) = preSolution
		Debug|Any CPU = Debug|Any CPU
		Release|Any CPU = Release|Any CPU
	EndGlobalSection
	GlobalSection(ProjectConfigurationPlatforms) = postSolution
		{305034B6-F4F2-4227-8881-0757732C762F}.Debug|Any CPU.ActiveCfg = Debug|Any CPU
		{305034B6-F4F2-4227-8881-0757732C762F}.Debug|Any CPU.Build.0 = Debug|Any CPU
		{305034B6-F4F2-4227-8881-0757732C762F}.Release|Any CPU.ActiveCfg = Release|Any CPU
		{305034B6-F4F2-4227-8881-0757732C762F}.Release|Any CPU.Build.0 = Release|Any CPU
	EndGlobalSection
	GlobalSection(SolutionProperties) = preSolution
		HideSolutionNode = FALSE
	EndGlobalSection
	GlobalSection(ExtensibilityGlobals) = postSolution
		SolutionGuid = {AC2567A5-0B80-45B9-9396-C2A00DCE0D73}
	EndGlobalSection
EndGlobal
