
Microsoft Visual Studio Solution File, Format Version 12.00
# Visual Studio Version 16
VisualStudioVersion = 16.0.29613.14
MinimumVisualStudioVersion = 10.0.40219.1
Project("{FAE04EC0-301F-11D3-BF4B-00C04F79EFBC}") = "House", "House.csproj", "{3850D704-CB35-4365-94F3-9CFD0EE68E8D}"
EndProject
Global
	GlobalSection(SolutionConfigurationPlatforms) = preSolution
		Debug|Any CPU = Debug|Any CPU
		Release|Any CPU = Release|Any CPU
	EndGlobalSection
	GlobalSection(ProjectConfigurationPlatforms) = postSolution
		{3850D704-CB35-4365-94F3-9CFD0EE68E8D}.Debug|Any CPU.ActiveCfg = Debug|Any CPU
		{3850D704-CB35-4365-94F3-9CFD0EE68E8D}.Debug|Any CPU.Build.0 = Debug|Any CPU
		{3850D704-CB35-4365-94F3-9CFD0EE68E8D}.Release|Any CPU.ActiveCfg = Release|Any CPU
		{3850D704-CB35-4365-94F3-9CFD0EE68E8D}.Release|Any CPU.Build.0 = Release|Any CPU
	EndGlobalSection
	GlobalSection(SolutionProperties) = preSolution
		HideSolutionNode = FALSE
	EndGlobalSection
	GlobalSection(ExtensibilityGlobals) = postSolution
		SolutionGuid = {60F19E83-8858-4C8C-9DF6-A74112156505}
	EndGlobalSection
EndGlobal
