
Microsoft Visual Studio Solution File, Format Version 12.00
# Visual Studio Version 16
VisualStudioVersion = 16.0.29926.136
MinimumVisualStudioVersion = 10.0.40219.1
Project("{FAE04EC0-301F-11D3-BF4B-00C04F79EFBC}") = "CashMockup", "CashMockup.csproj", "{479864A2-F5EA-464C-BC64-F41ED015DF1C}"
EndProject
Project("{FAE04EC0-301F-11D3-BF4B-00C04F79EFBC}") = "CashMockup.Test", "..\CashMockup.Test\CashMockup.Test.csproj", "{4A859793-340D-418B-8DD5-7D4B7F82EA13}"
EndProject
Project("{FAE04EC0-301F-11D3-BF4B-00C04F79EFBC}") = "CashMockup.Data", "..\CashMockup.Data\CashMockup.Data.csproj", "{23E29F25-4E77-4F0A-B2F2-ED6A067D0590}"
EndProject
Global
	GlobalSection(SolutionConfigurationPlatforms) = preSolution
		Debug|Any CPU = Debug|Any CPU
		Release|Any CPU = Release|Any CPU
	EndGlobalSection
	GlobalSection(ProjectConfigurationPlatforms) = postSolution
		{479864A2-F5EA-464C-BC64-F41ED015DF1C}.Debug|Any CPU.ActiveCfg = Debug|Any CPU
		{479864A2-F5EA-464C-BC64-F41ED015DF1C}.Debug|Any CPU.Build.0 = Debug|Any CPU
		{479864A2-F5EA-464C-BC64-F41ED015DF1C}.Release|Any CPU.ActiveCfg = Release|Any CPU
		{479864A2-F5EA-464C-BC64-F41ED015DF1C}.Release|Any CPU.Build.0 = Release|Any CPU
		{4A859793-340D-418B-8DD5-7D4B7F82EA13}.Debug|Any CPU.ActiveCfg = Debug|Any CPU
		{4A859793-340D-418B-8DD5-7D4B7F82EA13}.Debug|Any CPU.Build.0 = Debug|Any CPU
		{4A859793-340D-418B-8DD5-7D4B7F82EA13}.Release|Any CPU.ActiveCfg = Release|Any CPU
		{4A859793-340D-418B-8DD5-7D4B7F82EA13}.Release|Any CPU.Build.0 = Release|Any CPU
		{23E29F25-4E77-4F0A-B2F2-ED6A067D0590}.Debug|Any CPU.ActiveCfg = Debug|Any CPU
		{23E29F25-4E77-4F0A-B2F2-ED6A067D0590}.Debug|Any CPU.Build.0 = Debug|Any CPU
		{23E29F25-4E77-4F0A-B2F2-ED6A067D0590}.Release|Any CPU.ActiveCfg = Release|Any CPU
		{23E29F25-4E77-4F0A-B2F2-ED6A067D0590}.Release|Any CPU.Build.0 = Release|Any CPU
	EndGlobalSection
	GlobalSection(SolutionProperties) = preSolution
		HideSolutionNode = FALSE
	EndGlobalSection
	GlobalSection(ExtensibilityGlobals) = postSolution
		SolutionGuid = {753C53D5-73AF-4527-9D38-DA40E6B1682D}
	EndGlobalSection
EndGlobal
